{
  "name": "wasmer",
  "version": "1.0.0",
  "lockfileVersion": 3,
  "requires": true,
  "packages": {
    "": {
      "name": "wasmer",
      "version": "1.0.0",
      "license": "ISC",
      "dependencies": {
        "@wasmer/sdk": "^0.6.0"
      }
    },
    "node_modules/@wasmer/sdk": {
      "version": "0.6.0",
      "resolved": "https://registry.npmjs.org/@wasmer/sdk/-/sdk-0.6.0.tgz",
      "integrity": "sha512-aokQokTZaFtl/PvGcR9CD8crriJ+EU/mIFdrvqrCJCuNWGmS7Xle9vS5YrR2w/fZ8f01aPgA0mOW4iVCgXwAew=="
    }
  }
}
